
Microsoft Visual Studio Solution File, Format Version 12.00
# Visual Studio Version 17
VisualStudioVersion = 17.11.35312.102
MinimumVisualStudioVersion = 10.0.40219.1
Project("{FAE04EC0-301F-11D3-BF4B-00C04F79EFBC}") = "Menu_1", "Menu_1\Menu_1.csproj", "{9E2FBC1D-FDBF-4FE1-95CA-9BADE2BF426B}"
EndProject
Global
	GlobalSection(SolutionConfigurationPlatforms) = preSolution
		Debug|Any CPU = Debug|Any CPU
		Release|Any CPU = Release|Any CPU
	EndGlobalSection
	GlobalSection(ProjectConfigurationPlatforms) = postSolution
		{9E2FBC1D-FDBF-4FE1-95CA-9BADE2BF426B}.Debug|Any CPU.ActiveCfg = Debug|Any CPU
		{9E2FBC1D-FDBF-4FE1-95CA-9BADE2BF426B}.Debug|Any CPU.Build.0 = Debug|Any CPU
		{9E2FBC1D-FDBF-4FE1-95CA-9BADE2BF426B}.Release|Any CPU.ActiveCfg = Release|Any CPU
		{9E2FBC1D-FDBF-4FE1-95CA-9BADE2BF426B}.Release|Any CPU.Build.0 = Release|Any CPU
	EndGlobalSection
	GlobalSection(SolutionProperties) = preSolution
		HideSolutionNode = FALSE
	EndGlobalSection
	GlobalSection(ExtensibilityGlobals) = postSolution
		SolutionGuid = {15F406E6-B1C9-47EC-9795-8EDD4786ABC9}
	EndGlobalSection
EndGlobal
